
Microsoft Visual Studio Solution File, Format Version 12.00
# Visual Studio 15
VisualStudioVersion = 15.0.26430.14
MinimumVisualStudioVersion = 10.0.40219.1
Project("{2150E333-8FDC-42A3-9474-1A3956D46DE8}") = "Solution Items", "Solution Items", "{A9980995-08B3-477C-A7EB-F1A67BCD459E}"
EndProject
Project("{2150E333-8FDC-42A3-9474-1A3956D46DE8}") = "Testing", "Testing", "{792DA5E8-6F4F-4C24-9CD5-D99FA466DA71}"
EndProject
Project("{FAE04EC0-301F-11D3-BF4B-00C04F79EFBC}") = "3p.Library.DataContract", "3p.Library.DataContract\3p.Library.DataContract.csproj", "{85E80881-B16B-4EC9-8928-68AF012488CF}"
EndProject
Project("{FAE04EC0-301F-11D3-BF4B-00C04F79EFBC}") = "3p.Library.Business", "3p.Library.Business\3p.Library.Business.csproj", "{55650C47-3D93-43EB-8E19-88D1C811111F}"
EndProject
Project("{FAE04EC0-301F-11D3-BF4B-00C04F79EFBC}") = "3p.Library.DataAccess.Mock", "3p.Library.DataAccess.Mock\3p.Library.DataAccess.Mock.csproj", "{F1CDFA9B-EC54-43AC-BBB3-48E020C241AE}"
EndProject
Project("{FAE04EC0-301F-11D3-BF4B-00C04F79EFBC}") = "3p.Library.DataAccess.Entity", "3p.Library.DataAccess.Entity\3p.Library.DataAccess.Entity.csproj", "{F7A78623-3A36-4456-8BE3-7960DDC3D4CB}"
EndProject
Project("{9A19103F-16F7-4668-BE54-9A1E7A4F7556}") = "3p.Library.Service", "3p.Library.Service\3p.Library.Service.csproj", "{005BEF78-4986-4D52-994C-9A2004226676}"
EndProject
Project("{FAE04EC0-301F-11D3-BF4B-00C04F79EFBC}") = "3p.Library.Business.UnitTest", "3p.Library.Business.UnitTest\3p.Library.Business.UnitTest.csproj", "{B18A3D3E-45E2-4999-BFAE-FFCBE5A11DA9}"
EndProject
Global
	GlobalSection(SolutionConfigurationPlatforms) = preSolution
		Debug|Any CPU = Debug|Any CPU
		Release|Any CPU = Release|Any CPU
	EndGlobalSection
	GlobalSection(ProjectConfigurationPlatforms) = postSolution
		{85E80881-B16B-4EC9-8928-68AF012488CF}.Debug|Any CPU.ActiveCfg = Debug|Any CPU
		{85E80881-B16B-4EC9-8928-68AF012488CF}.Debug|Any CPU.Build.0 = Debug|Any CPU
		{85E80881-B16B-4EC9-8928-68AF012488CF}.Release|Any CPU.ActiveCfg = Release|Any CPU
		{85E80881-B16B-4EC9-8928-68AF012488CF}.Release|Any CPU.Build.0 = Release|Any CPU
		{55650C47-3D93-43EB-8E19-88D1C811111F}.Debug|Any CPU.ActiveCfg = Debug|Any CPU
		{55650C47-3D93-43EB-8E19-88D1C811111F}.Debug|Any CPU.Build.0 = Debug|Any CPU
		{55650C47-3D93-43EB-8E19-88D1C811111F}.Release|Any CPU.ActiveCfg = Release|Any CPU
		{55650C47-3D93-43EB-8E19-88D1C811111F}.Release|Any CPU.Build.0 = Release|Any CPU
		{F1CDFA9B-EC54-43AC-BBB3-48E020C241AE}.Debug|Any CPU.ActiveCfg = Debug|Any CPU
		{F1CDFA9B-EC54-43AC-BBB3-48E020C241AE}.Debug|Any CPU.Build.0 = Debug|Any CPU
		{F1CDFA9B-EC54-43AC-BBB3-48E020C241AE}.Release|Any CPU.ActiveCfg = Release|Any CPU
		{F1CDFA9B-EC54-43AC-BBB3-48E020C241AE}.Release|Any CPU.Build.0 = Release|Any CPU
		{F7A78623-3A36-4456-8BE3-7960DDC3D4CB}.Debug|Any CPU.ActiveCfg = Debug|Any CPU
		{F7A78623-3A36-4456-8BE3-7960DDC3D4CB}.Debug|Any CPU.Build.0 = Debug|Any CPU
		{F7A78623-3A36-4456-8BE3-7960DDC3D4CB}.Release|Any CPU.ActiveCfg = Release|Any CPU
		{F7A78623-3A36-4456-8BE3-7960DDC3D4CB}.Release|Any CPU.Build.0 = Release|Any CPU
		{005BEF78-4986-4D52-994C-9A2004226676}.Debug|Any CPU.ActiveCfg = Debug|Any CPU
		{005BEF78-4986-4D52-994C-9A2004226676}.Debug|Any CPU.Build.0 = Debug|Any CPU
		{005BEF78-4986-4D52-994C-9A2004226676}.Release|Any CPU.ActiveCfg = Release|Any CPU
		{005BEF78-4986-4D52-994C-9A2004226676}.Release|Any CPU.Build.0 = Release|Any CPU
		{B18A3D3E-45E2-4999-BFAE-FFCBE5A11DA9}.Debug|Any CPU.ActiveCfg = Debug|Any CPU
		{B18A3D3E-45E2-4999-BFAE-FFCBE5A11DA9}.Debug|Any CPU.Build.0 = Debug|Any CPU
		{B18A3D3E-45E2-4999-BFAE-FFCBE5A11DA9}.Release|Any CPU.ActiveCfg = Release|Any CPU
		{B18A3D3E-45E2-4999-BFAE-FFCBE5A11DA9}.Release|Any CPU.Build.0 = Release|Any CPU
	EndGlobalSection
	GlobalSection(SolutionProperties) = preSolution
		HideSolutionNode = FALSE
	EndGlobalSection
	GlobalSection(NestedProjects) = preSolution
		{F1CDFA9B-EC54-43AC-BBB3-48E020C241AE} = {792DA5E8-6F4F-4C24-9CD5-D99FA466DA71}
		{B18A3D3E-45E2-4999-BFAE-FFCBE5A11DA9} = {792DA5E8-6F4F-4C24-9CD5-D99FA466DA71}
	EndGlobalSection
EndGlobal
